
Microsoft Visual Studio Solution File, Format Version 12.00
# Visual Studio Version 17
VisualStudioVersion = 17.3.32901.215
MinimumVisualStudioVersion = 10.0.40219.1
Project("{9A19103F-16F7-4668-BE54-9A1E7A4F7556}") = "OnlineMahalla.Web.MVCClient", "OnlineMahalla.Web.MVCClient\OnlineMahalla.Web.MVCClient.csproj", "{7EFCBD00-8CC4-4FB7-812D-5FBD4E4C41D4}"
EndProject
Project("{2150E333-8FDC-42A3-9474-1A3956D46DE8}") = "Common", "Common", "{0D5D9A82-C4A0-42AB-B5AC-129F80540E19}"
EndProject
Project("{9A19103F-16F7-4668-BE54-9A1E7A4F7556}") = "OnlineMahalla.Common.Model", "OnlineMahalla.Common.Model\OnlineMahalla.Common.Model.csproj", "{B03C70B6-6467-41A8-8586-1B357129D9CF}"
EndProject
Project("{9A19103F-16F7-4668-BE54-9A1E7A4F7556}") = "OnlineMahalla.Common.Utility", "OnlineMahalla.Common.Utility\OnlineMahalla.Common.Utility.csproj", "{EDECBA40-CF3F-4D7D-B57D-2127A861D79C}"
EndProject
Project("{2150E333-8FDC-42A3-9474-1A3956D46DE8}") = "Data", "Data", "{32EBDDE4-3E03-484E-97B8-4871597A02C3}"
EndProject
Project("{9A19103F-16F7-4668-BE54-9A1E7A4F7556}") = "OnlineMahalla.Data.Model", "OnlineMahalla.Data.Model\OnlineMahalla.Data.Model.csproj", "{CED8F3D2-ADF8-48E1-B566-E567562601F8}"
EndProject
Project("{9A19103F-16F7-4668-BE54-9A1E7A4F7556}") = "OnlineMahalla.Data.Repository.SqlServer", "OnlineMahalla.Data.Repository.SqlServer\OnlineMahalla.Data.Repository.SqlServer.csproj", "{0FD219EB-7E74-4FF7-84CF-6278BFA10F47}"
EndProject
Project("{9A19103F-16F7-4668-BE54-9A1E7A4F7556}") = "OnlineMahalla.Data.Utility", "OnlineMahalla.Data.Utility\OnlineMahalla.Data.Utility.csproj", "{495A7FFB-A004-4016-9A57-D89871782378}"
EndProject
Global
	GlobalSection(SolutionConfigurationPlatforms) = preSolution
		Debug|Any CPU = Debug|Any CPU
		Release|Any CPU = Release|Any CPU
	EndGlobalSection
	GlobalSection(ProjectConfigurationPlatforms) = postSolution
		{7EFCBD00-8CC4-4FB7-812D-5FBD4E4C41D4}.Debug|Any CPU.ActiveCfg = Debug|Any CPU
		{7EFCBD00-8CC4-4FB7-812D-5FBD4E4C41D4}.Debug|Any CPU.Build.0 = Debug|Any CPU
		{7EFCBD00-8CC4-4FB7-812D-5FBD4E4C41D4}.Release|Any CPU.ActiveCfg = Release|Any CPU
		{7EFCBD00-8CC4-4FB7-812D-5FBD4E4C41D4}.Release|Any CPU.Build.0 = Release|Any CPU
		{B03C70B6-6467-41A8-8586-1B357129D9CF}.Debug|Any CPU.ActiveCfg = Debug|Any CPU
		{B03C70B6-6467-41A8-8586-1B357129D9CF}.Debug|Any CPU.Build.0 = Debug|Any CPU
		{B03C70B6-6467-41A8-8586-1B357129D9CF}.Release|Any CPU.ActiveCfg = Release|Any CPU
		{B03C70B6-6467-41A8-8586-1B357129D9CF}.Release|Any CPU.Build.0 = Release|Any CPU
		{EDECBA40-CF3F-4D7D-B57D-2127A861D79C}.Debug|Any CPU.ActiveCfg = Debug|Any CPU
		{EDECBA40-CF3F-4D7D-B57D-2127A861D79C}.Debug|Any CPU.Build.0 = Debug|Any CPU
		{EDECBA40-CF3F-4D7D-B57D-2127A861D79C}.Release|Any CPU.ActiveCfg = Release|Any CPU
		{EDECBA40-CF3F-4D7D-B57D-2127A861D79C}.Release|Any CPU.Build.0 = Release|Any CPU
		{CED8F3D2-ADF8-48E1-B566-E567562601F8}.Debug|Any CPU.ActiveCfg = Debug|Any CPU
		{CED8F3D2-ADF8-48E1-B566-E567562601F8}.Debug|Any CPU.Build.0 = Debug|Any CPU
		{CED8F3D2-ADF8-48E1-B566-E567562601F8}.Release|Any CPU.ActiveCfg = Release|Any CPU
		{CED8F3D2-ADF8-48E1-B566-E567562601F8}.Release|Any CPU.Build.0 = Release|Any CPU
		{0FD219EB-7E74-4FF7-84CF-6278BFA10F47}.Debug|Any CPU.ActiveCfg = Debug|Any CPU
		{0FD219EB-7E74-4FF7-84CF-6278BFA10F47}.Debug|Any CPU.Build.0 = Debug|Any CPU
		{0FD219EB-7E74-4FF7-84CF-6278BFA10F47}.Release|Any CPU.ActiveCfg = Release|Any CPU
		{0FD219EB-7E74-4FF7-84CF-6278BFA10F47}.Release|Any CPU.Build.0 = Release|Any CPU
		{495A7FFB-A004-4016-9A57-D89871782378}.Debug|Any CPU.ActiveCfg = Debug|Any CPU
		{495A7FFB-A004-4016-9A57-D89871782378}.Debug|Any CPU.Build.0 = Debug|Any CPU
		{495A7FFB-A004-4016-9A57-D89871782378}.Release|Any CPU.ActiveCfg = Release|Any CPU
		{495A7FFB-A004-4016-9A57-D89871782378}.Release|Any CPU.Build.0 = Release|Any CPU
	EndGlobalSection
	GlobalSection(SolutionProperties) = preSolution
		HideSolutionNode = FALSE
	EndGlobalSection
	GlobalSection(NestedProjects) = preSolution
		{B03C70B6-6467-41A8-8586-1B357129D9CF} = {0D5D9A82-C4A0-42AB-B5AC-129F80540E19}
		{EDECBA40-CF3F-4D7D-B57D-2127A861D79C} = {0D5D9A82-C4A0-42AB-B5AC-129F80540E19}
		{CED8F3D2-ADF8-48E1-B566-E567562601F8} = {32EBDDE4-3E03-484E-97B8-4871597A02C3}
		{0FD219EB-7E74-4FF7-84CF-6278BFA10F47} = {32EBDDE4-3E03-484E-97B8-4871597A02C3}
		{495A7FFB-A004-4016-9A57-D89871782378} = {32EBDDE4-3E03-484E-97B8-4871597A02C3}
	EndGlobalSection
	GlobalSection(ExtensibilityGlobals) = postSolution
		SolutionGuid = {B26C7E44-A6F4-4DCD-ACDD-75F0FB1C991F}
	EndGlobalSection
EndGlobal
